// !$*UTF8*$!
{
	archiveVersion = 1;
	classes = {
	};
	objectVersion = 52;
	objects = {

/* Begin PBXBuildFile section */
		8F98ACA326CBC8AB00A6CCF0 /* AppDelegate.swift in Sources */ = {isa = PBXBuildFile; fileRef = 8F98ACA226CBC8AB00A6CCF0 /* AppDelegate.swift */; };
		8F98ACA526CBC8AB00A6CCF0 /* SceneDelegate.swift in Sources */ = {isa = PBXBuildFile; fileRef = 8F98ACA426CBC8AB00A6CCF0 /* SceneDelegate.swift */; };
		8F98ACA726CBC8AB00A6CCF0 /* ViewController.swift in Sources */ = {isa = PBXBuildFile; fileRef = 8F98ACA626CBC8AB00A6CCF0 /* ViewController.swift */; };
		8F98ACAA26CBC8AB00A6CCF0 /* Main.storyboard in Resources */ = {isa = PBXBuildFile; fileRef = 8F98ACA826CBC8AB00A6CCF0 /* Main.storyboard */; };
		8F98ACAC26CBC8AB00A6CCF0 /* Assets.xcassets in Resources */ = {isa = PBXBuildFile; fileRef = 8F98ACAB26CBC8AB00A6CCF0 /* Assets.xcassets */; };
		8F98ACAF26CBC8AB00A6CCF0 /* LaunchScreen.storyboard in Resources */ = {isa = PBXBuildFile; fileRef = 8F98ACAD26CBC8AB00A6CCF0 /* LaunchScreen.storyboard */; };
		8F98ACB826CBCB6400A6CCF0 /* RealmSwift in Frameworks */ = {isa = PBXBuildFile; productRef = 8F98ACB726CBCB6400A6CCF0 /* RealmSwift */; };
		8F98ACBA26CC32C900A6CCF0 /* EntryViewController.swift in Sources */ = {isa = PBXBuildFile; fileRef = 8F98ACB926CC32C900A6CCF0 /* EntryViewController.swift */; };
		8F98ACBC26CC32F600A6CCF0 /* ViewViewController.swift in Sources */ = {isa = PBXBuildFile; fileRef = 8F98ACBB26CC32F600A6CCF0 /* ViewViewController.swift */; };
/* End PBXBuildFile section */

/* Begin PBXFileReference section */
		8F98AC9F26CBC8AB00A6CCF0 /* ToDoList-Realm.app */ = {isa = PBXFileReference; explicitFileType = wrapper.application; includeInIndex = 0; path = "ToDoList-Realm.app"; sourceTree = BUILT_PRODUCTS_DIR; };
		8F98ACA226CBC8AB00A6CCF0 /* AppDelegate.swift */ = {isa = PBXFileReference; lastKnownFileType = sourcecode.swift; path = AppDelegate.swift; sourceTree = "<group>"; };
		8F98ACA426CBC8AB00A6CCF0 /* SceneDelegate.swift */ = {isa = PBXFileReference; lastKnownFileType = sourcecode.swift; path = SceneDelegate.swift; sourceTree = "<group>"; };
		8F98ACA626CBC8AB00A6CCF0 /* ViewController.swift */ = {isa = PBXFileReference; lastKnownFileType = sourcecode.swift; path = ViewController.swift; sourceTree = "<group>"; };
		8F98ACA926CBC8AB00A6CCF0 /* Base */ = {isa = PBXFileReference; lastKnownFileType = file.storyboard; name = Base; path = Base.lproj/Main.storyboard; sourceTree = "<group>"; };
		8F98ACAB26CBC8AB00A6CCF0 /* Assets.xcassets */ = {isa = PBXFileReference; lastKnownFileType = folder.assetcatalog; path = Assets.xcassets; sourceTree = "<group>"; };
		8F98ACAE26CBC8AB00A6CCF0 /* Base */ = {isa = PBXFileReference; lastKnownFileType = file.storyboard; name = Base; path = Base.lproj/LaunchScreen.storyboard; sourceTree = "<group>"; };
		8F98ACB026CBC8AB00A6CCF0 /* Info.plist */ = {isa = PBXFileReference; lastKnownFileType = text.plist.xml; path = Info.plist; sourceTree = "<group>"; };
		8F98ACB926CC32C900A6CCF0 /* EntryViewController.swift */ = {isa = PBXFileReference; lastKnownFileType = sourcecode.swift; path = EntryViewController.swift; sourceTree = "<group>"; };
		8F98ACBB26CC32F600A6CCF0 /* ViewViewController.swift */ = {isa = PBXFileReference; lastKnownFileType = sourcecode.swift; path = ViewViewController.swift; sourceTree = "<group>"; };
/* End PBXFileReference section */

/* Begin PBXFrameworksBuildPhase section */
		8F98AC9C26CBC8AB00A6CCF0 /* Frameworks */ = {
			isa = PBXFrameworksBuildPhase;
			buildActionMask = 2147483647;
			files = (
				8F98ACB826CBCB6400A6CCF0 /* RealmSwift in Frameworks */,
			);
			runOnlyForDeploymentPostprocessing = 0;
		};
/* End PBXFrameworksBuildPhase section */

/* Begin PBXGroup section */
		8F98AC9626CBC8AB00A6CCF0 = {
			isa = PBXGroup;
			children = (
				8F98ACA126CBC8AB00A6CCF0 /* ToDoList-Realm */,
				8F98ACA026CBC8AB00A6CCF0 /* Products */,
			);
			sourceTree = "<group>";
		};
		8F98ACA026CBC8AB00A6CCF0 /* Products */ = {
			isa = PBXGroup;
			children = (
				8F98AC9F26CBC8AB00A6CCF0 /* ToDoList-Realm.app */,
			);
			name = Products;
			sourceTree = "<group>";
		};
		8F98ACA126CBC8AB00A6CCF0 /* ToDoList-Realm */ = {
			isa = PBXGroup;
			children = (
				8F98ACA226CBC8AB00A6CCF0 /* AppDelegate.swift */,
				8F98ACA426CBC8AB00A6CCF0 /* SceneDelegate.swift */,
				8F98ACA626CBC8AB00A6CCF0 /* ViewController.swift */,
				8F98ACB926CC32C900A6CCF0 /* EntryViewController.swift */,
				8F98ACBB26CC32F600A6CCF0 /* ViewViewController.swift */,
				8F98ACA826CBC8AB00A6CCF0 /* Main.storyboard */,
				8F98ACAB26CBC8AB00A6CCF0 /* Assets.xcassets */,
				8F98ACAD26CBC8AB00A6CCF0 /* LaunchScreen.storyboard */,
				8F98ACB026CBC8AB00A6CCF0 /* Info.plist */,
			);
			path = "ToDoList-Realm";
			sourceTree = "<group>";
		};
/* End PBXGroup section */

/* Begin PBXNativeTarget section */
		8F98AC9E26CBC8AB00A6CCF0 /* ToDoList-Realm */ = {
			isa = PBXNativeTarget;
			buildConfigurationList = 8F98ACB326CBC8AB00A6CCF0 /* Build configuration list for PBXNativeTarget "ToDoList-Realm" */;
			buildPhases = (
				8F98AC9B26CBC8AB00A6CCF0 /* Sources */,
				8F98AC9C26CBC8AB00A6CCF0 /* Frameworks */,
				8F98AC9D26CBC8AB00A6CCF0 /* Resources */,
			);
			buildRules = (
			);
			dependencies = (
			);
			name = "ToDoList-Realm";
			packageProductDependencies = (
				8F98ACB726CBCB6400A6CCF0 /* RealmSwift */,
			);
			productName = "ToDoList-Realm";
			productReference = 8F98AC9F26CBC8AB00A6CCF0 /* ToDoList-Realm.app */;
			productType = "com.apple.product-type.application";
		};
/* End PBXNativeTarget section */

/* Begin PBXProject section */
		8F98AC9726CBC8AB00A6CCF0 /* Project object */ = {
			isa = PBXProject;
			attributes = {
				LastSwiftUpdateCheck = 1250;
				LastUpgradeCheck = 1250;
				TargetAttributes = {
					8F98AC9E26CBC8AB00A6CCF0 = {
						CreatedOnToolsVersion = 12.5.1;
					};
				};
			};
			buildConfigurationList = 8F98AC9A26CBC8AB00A6CCF0 /* Build configuration list for PBXProject "ToDoList-Realm" */;
			compatibilityVersion = "Xcode 9.3";
			developmentRegion = en;
			hasScannedForEncodings = 0;
			knownRegions = (
				en,
				Base,
			);
			mainGroup = 8F98AC9626CBC8AB00A6CCF0;
			packageReferences = (
				8F98ACB626CBCB6300A6CCF0 /* XCRemoteSwiftPackageReference "realm-cocoa" */,
			);
			productRefGroup = 8F98ACA026CBC8AB00A6CCF0 /* Products */;
			projectDirPath = "";
			projectRoot = "";
			targets = (
				8F98AC9E26CBC8AB00A6CCF0 /* ToDoList-Realm */,
			);
		};
/* End PBXProject section */

/* Begin PBXResourcesBuildPhase section */
		8F98AC9D26CBC8AB00A6CCF0 /* Resources */ = {
			isa = PBXResourcesBuildPhase;
			buildActionMask = 2147483647;
			files = (
				8F98ACAF26CBC8AB00A6CCF0 /* LaunchScreen.storyboard in Resources */,
				8F98ACAC26CBC8AB00A6CCF0 /* Assets.xcassets in Resources */,
				8F98ACAA26CBC8AB00A6CCF0 /* Main.storyboard in Resources */,
			);
			runOnlyForDeploymentPostprocessing = 0;
		};
/* End PBXResourcesBuildPhase section */

/* Begin PBXSourcesBuildPhase section */
		8F98AC9B26CBC8AB00A6CCF0 /* Sources */ = {
			isa = PBXSourcesBuildPhase;
			buildActionMask = 2147483647;
			files = (
				8F98ACA726CBC8AB00A6CCF0 /* ViewController.swift in Sources */,
				8F98ACBA26CC32C900A6CCF0 /* EntryViewController.swift in Sources */,
				8F98ACBC26CC32F600A6CCF0 /* ViewViewController.swift in Sources */,
				8F98ACA326CBC8AB00A6CCF0 /* AppDelegate.swift in Sources */,
				8F98ACA526CBC8AB00A6CCF0 /* SceneDelegate.swift in Sources */,
			);
			runOnlyForDeploymentPostprocessing = 0;
		};
/* End PBXSourcesBuildPhase section */

/* Begin PBXVariantGroup section */
		8F98ACA826CBC8AB00A6CCF0 /* Main.storyboard */ = {
			isa = PBXVariantGroup;
			children = (
				8F98ACA926CBC8AB00A6CCF0 /* Base */,
			);
			name = Main.storyboard;
			sourceTree = "<group>";
		};
		8F98ACAD26CBC8AB00A6CCF0 /* LaunchScreen.storyboard */ = {
			isa = PBXVariantGroup;
			children = (
				8F98ACAE26CBC8AB00A6CCF0 /* Base */,
			);
			name = LaunchScreen.storyboard;
			sourceTree = "<group>";
		};
/* End PBXVariantGroup section */

/* Begin XCBuildConfiguration section */
		8F98ACB126CBC8AB00A6CCF0 /* Debug */ = {
			isa = XCBuildConfiguration;
			buildSettings = {
				ALWAYS_SEARCH_USER_PATHS = NO;
				CLANG_ANALYZER_NONNULL = YES;
				CLANG_ANALYZER_NUMBER_OBJECT_CONVERSION = YES_AGGRESSIVE;
				CLANG_CXX_LANGUAGE_STANDARD = "gnu++14";
				CLANG_CXX_LIBRARY = "libc++";
				CLANG_ENABLE_MODULES = YES;
				CLANG_ENABLE_OBJC_ARC = YES;
				CLANG_ENABLE_OBJC_WEAK = YES;
				CLANG_WARN_BLOCK_CAPTURE_AUTORELEASING = YES;
				CLANG_WARN_BOOL_CONVERSION = YES;
				CLANG_WARN_COMMA = YES;
				CLANG_WARN_CONSTANT_CONVERSION = YES;
				CLANG_WARN_DEPRECATED_OBJC_IMPLEMENTATIONS = YES;
				CLANG_WARN_DIRECT_OBJC_ISA_USAGE = YES_ERROR;
				CLANG_WARN_DOCUMENTATION_COMMENTS = YES;
				CLANG_WARN_EMPTY_BODY = YES;
				CLANG_WARN_ENUM_CONVERSION = YES;
				CLANG_WARN_INFINITE_RECURSION = YES;
				CLANG_WARN_INT_CONVERSION = YES;
				CLANG_WARN_NON_LITERAL_NULL_CONVERSION = YES;
				CLANG_WARN_OBJC_IMPLICIT_RETAIN_SELF = YES;
				CLANG_WARN_OBJC_LITERAL_CONVERSION = YES;
				CLANG_WARN_OBJC_ROOT_CLASS = YES_ERROR;
				CLANG_WARN_QUOTED_INCLUDE_IN_FRAMEWORK_HEADER = YES;
				CLANG_WARN_RANGE_LOOP_ANALYSIS = YES;
				CLANG_WARN_STRICT_PROTOTYPES = YES;
				CLANG_WARN_SUSPICIOUS_MOVE = YES;
				CLANG_WARN_UNGUARDED_AVAILABILITY = YES_AGGRESSIVE;
				CLANG_WARN_UNREACHABLE_CODE = YES;
				CLANG_WARN__DUPLICATE_METHOD_MATCH = YES;
				COPY_PHASE_STRIP = NO;
				DEBUG_INFORMATION_FORMAT = dwarf;
				ENABLE_STRICT_OBJC_MSGSEND = YES;
				ENABLE_TESTABILITY = YES;
				GCC_C_LANGUAGE_STANDARD = gnu11;
				GCC_DYNAMIC_NO_PIC = NO;
				GCC_NO_COMMON_BLOCKS = YES;
				GCC_OPTIMIZATION_LEVEL = 0;
				GCC_PREPROCESSOR_DEFINITIONS = (
					"DEBUG=1",
					"$(inherited)",
				);
				GCC_WARN_64_TO_32_BIT_CONVERSION = YES;
				GCC_WARN_ABOUT_RETURN_TYPE = YES_ERROR;
				GCC_WARN_UNDECLARED_SELECTOR = YES;
				GCC_WARN_UNINITIALIZED_AUTOS = YES_AGGRESSIVE;
				GCC_WARN_UNUSED_FUNCTION = YES;
				GCC_WARN_UNUSED_VARIABLE = YES;
				IPHONEOS_DEPLOYMENT_TARGET = 14.5;
				MTL_ENABLE_DEBUG_INFO = INCLUDE_SOURCE;
				MTL_FAST_MATH = YES;
				ONLY_ACTIVE_ARCH = YES;
				SDKROOT = iphoneos;
				SWIFT_ACTIVE_COMPILATION_CONDITIONS = DEBUG;
				SWIFT_OPTIMIZATION_LEVEL = "-Onone";
			};
			name = Debug;
		};
		8F98ACB226CBC8AB00A6CCF0 /* Release */ = {
			isa = XCBuildConfiguration;
			buildSettings = {
				ALWAYS_SEARCH_USER_PATHS = NO;
				CLANG_ANALYZER_NONNULL = YES;
				CLANG_ANALYZER_NUMBER_OBJECT_CONVERSION = YES_AGGRESSIVE;
				CLANG_CXX_LANGUAGE_STANDARD = "gnu++14";
				CLANG_CXX_LIBRARY = "libc++";
				CLANG_ENABLE_MODULES = YES;
				CLANG_ENABLE_OBJC_ARC = YES;
				CLANG_ENABLE_OBJC_WEAK = YES;
				CLANG_WARN_BLOCK_CAPTURE_AUTORELEASING = YES;
				CLANG_WARN_BOOL_CONVERSION = YES;
				CLANG_WARN_COMMA = YES;
				CLANG_WARN_CONSTANT_CONVERSION = YES;
				CLANG_WARN_DEPRECATED_OBJC_IMPLEMENTATIONS = YES;
				CLANG_WARN_DIRECT_OBJC_ISA_USAGE = YES_ERROR;
				CLANG_WARN_DOCUMENTATION_COMMENTS = YES;
				CLANG_WARN_EMPTY_BODY = YES;
				CLANG_WARN_ENUM_CONVERSION = YES;
				CLANG_WARN_INFINITE_RECURSION = YES;
				CLANG_WARN_INT_CONVERSION = YES;
				CLANG_WARN_NON_LITERAL_NULL_CONVERSION = YES;
				CLANG_WARN_OBJC_IMPLICIT_RETAIN_SELF = YES;
				CLANG_WARN_OBJC_LITERAL_CONVERSION = YES;
				CLANG_WARN_OBJC_ROOT_CLASS = YES_ERROR;
				CLANG_WARN_QUOTED_INCLUDE_IN_FRAMEWORK_HEADER = YES;
				CLANG_WARN_RANGE_LOOP_ANALYSIS = YES;
				CLANG_WARN_STRICT_PROTOTYPES = YES;
				CLANG_WARN_SUSPICIOUS_MOVE = YES;
				CLANG_WARN_UNGUARDED_AVAILABILITY = YES_AGGRESSIVE;
				CLANG_WARN_UNREACHABLE_CODE = YES;
				CLANG_WARN__DUPLICATE_METHOD_MATCH = YES;
				COPY_PHASE_STRIP = NO;
				DEBUG_INFORMATION_FORMAT = "dwarf-with-dsym";
				ENABLE_NS_ASSERTIONS = NO;
				ENABLE_STRICT_OBJC_MSGSEND = YES;
				GCC_C_LANGUAGE_STANDARD = gnu11;
				GCC_NO_COMMON_BLOCKS = YES;
				GCC_WARN_64_TO_32_BIT_CONVERSION = YES;
				GCC_WARN_ABOUT_RETURN_TYPE = YES_ERROR;
				GCC_WARN_UNDECLARED_SELECTOR = YES;
				GCC_WARN_UNINITIALIZED_AUTOS = YES_AGGRESSIVE;
				GCC_WARN_UNUSED_FUNCTION = YES;
				GCC_WARN_UNUSED_VARIABLE = YES;
				IPHONEOS_DEPLOYMENT_TARGET = 14.5;
				MTL_ENABLE_DEBUG_INFO = NO;
				MTL_FAST_MATH = YES;
				SDKROOT = iphoneos;
				SWIFT_COMPILATION_MODE = wholemodule;
				SWIFT_OPTIMIZATION_LEVEL = "-O";
				VALIDATE_PRODUCT = YES;
			};
			name = Release;
		};
		8F98ACB426CBC8AB00A6CCF0 /* Debug */ = {
			isa = XCBuildConfiguration;
			buildSettings = {
				ASSETCATALOG_COMPILER_APPICON_NAME = AppIcon;
				ASSETCATALOG_COMPILER_GLOBAL_ACCENT_COLOR_NAME = AccentColor;
				CODE_SIGN_STYLE = Automatic;
				DEVELOPMENT_TEAM = SSGBNU5TXB;
				INFOPLIST_FILE = "ToDoList-Realm/Info.plist";
				LD_RUNPATH_SEARCH_PATHS = (
					"$(inherited)",
					"@executable_path/Frameworks",
				);
				PRODUCT_BUNDLE_IDENTIFIER = "kudpig.ToDoList-Realm";
				PRODUCT_NAME = "$(TARGET_NAME)";
				SWIFT_VERSION = 5.0;
				TARGETED_DEVICE_FAMILY = 1;
			};
			name = Debug;
		};
		8F98ACB526CBC8AB00A6CCF0 /* Release */ = {
			isa = XCBuildConfiguration;
			buildSettings = {
				ASSETCATALOG_COMPILER_APPICON_NAME = AppIcon;
				ASSETCATALOG_COMPILER_GLOBAL_ACCENT_COLOR_NAME = AccentColor;
				CODE_SIGN_STYLE = Automatic;
				DEVELOPMENT_TEAM = SSGBNU5TXB;
				INFOPLIST_FILE = "ToDoList-Realm/Info.plist";
				LD_RUNPATH_SEARCH_PATHS = (
					"$(inherited)",
					"@executable_path/Frameworks",
				);
				PRODUCT_BUNDLE_IDENTIFIER = "kudpig.ToDoList-Realm";
				PRODUCT_NAME = "$(TARGET_NAME)";
				SWIFT_VERSION = 5.0;
				TARGETED_DEVICE_FAMILY = 1;
			};
			name = Release;
		};
/* End XCBuildConfiguration section */

/* Begin XCConfigurationList section */
		8F98AC9A26CBC8AB00A6CCF0 /* Build configuration list for PBXProject "ToDoList-Realm" */ = {
			isa = XCConfigurationList;
			buildConfigurations = (
				8F98ACB126CBC8AB00A6CCF0 /* Debug */,
				8F98ACB226CBC8AB00A6CCF0 /* Release */,
			);
			defaultConfigurationIsVisible = 0;
			defaultConfigurationName = Release;
		};
		8F98ACB326CBC8AB00A6CCF0 /* Build configuration list for PBXNativeTarget "ToDoList-Realm" */ = {
			isa = XCConfigurationList;
			buildConfigurations = (
				8F98ACB426CBC8AB00A6CCF0 /* Debug */,
				8F98ACB526CBC8AB00A6CCF0 /* Release */,
			);
			defaultConfigurationIsVisible = 0;
			defaultConfigurationName = Release;
		};
/* End XCConfigurationList section */

/* Begin XCRemoteSwiftPackageReference section */
		8F98ACB626CBCB6300A6CCF0 /* XCRemoteSwiftPackageReference "realm-cocoa" */ = {
			isa = XCRemoteSwiftPackageReference;
			repositoryURL = "https://github.com/realm/realm-cocoa.git";
			requirement = {
				kind = upToNextMajorVersion;
				minimumVersion = 10.12.0;
			};
		};
/* End XCRemoteSwiftPackageReference section */

/* Begin XCSwiftPackageProductDependency section */
		8F98ACB726CBCB6400A6CCF0 /* RealmSwift */ = {
			isa = XCSwiftPackageProductDependency;
			package = 8F98ACB626CBCB6300A6CCF0 /* XCRemoteSwiftPackageReference "realm-cocoa" */;
			productName = RealmSwift;
		};
/* End XCSwiftPackageProductDependency section */
	};
	rootObject = 8F98AC9726CBC8AB00A6CCF0 /* Project object */;
}
